// !$*UTF8*$!
{
	archiveVersion = 1;
	classes = {
	};
	objectVersion = 77;
	objects = {

/* Begin PBXBuildFile section */
		BD12A6D22D356E6A0045B9F0 /* Settings.swift in Sources */ = {isa = PBXBuildFile; fileRef = BD12A6D12D356E6A0045B9F0 /* Settings.swift */; };
		BD12A6D42D3582860045B9F0 /* GeneralSettingsView.swift in Sources */ = {isa = PBXBuildFile; fileRef = BD12A6D32D3582860045B9F0 /* GeneralSettingsView.swift */; };
		BD12A6D62D3582BC0045B9F0 /* TimetableSettingsView.swift in Sources */ = {isa = PBXBuildFile; fileRef = BD12A6D52D3582BC0045B9F0 /* TimetableSettingsView.swift */; };
		BD12A6D82D3582C00045B9F0 /* NotificationsSettingsView.swift in Sources */ = {isa = PBXBuildFile; fileRef = BD12A6D72D3582C00045B9F0 /* NotificationsSettingsView.swift */; };
		BD12A6DA2D3582C10045B9F0 /* QuickActionsSettingsView.swift in Sources */ = {isa = PBXBuildFile; fileRef = BD12A6D92D3582C10045B9F0 /* QuickActionsSettingsView.swift */; };
		BD12A6DC2D3582C20045B9F0 /* WidgetsSettingsView.swift in Sources */ = {isa = PBXBuildFile; fileRef = BD12A6DB2D3582C20045B9F0 /* WidgetsSettingsView.swift */; };
		BD12A6DE2D3582C30045B9F0 /* AppleWatchSettingsView.swift in Sources */ = {isa = PBXBuildFile; fileRef = BD12A6DD2D3582C30045B9F0 /* AppleWatchSettingsView.swift */; };
		BD12A6E02D3582C40045B9F0 /* DisplaySettingsView.swift in Sources */ = {isa = PBXBuildFile; fileRef = BD12A6DF2D3582C40045B9F0 /* DisplaySettingsView.swift */; };
		BD12A6E22D35834E0045B9F0 /* AppIconSettingsView.swift in Sources */ = {isa = PBXBuildFile; fileRef = BD12A6E12D35834E0045B9F0 /* AppIconSettingsView.swift */; };
		BD12A6E42D35834F0045B9F0 /* AboutSettingsView.swift in Sources */ = {isa = PBXBuildFile; fileRef = BD12A6E32D35834F0045B9F0 /* AboutSettingsView.swift */; };
		BD12A6E62D3583510045B9F0 /* UpdatesSettingsView.swift in Sources */ = {isa = PBXBuildFile; fileRef = BD12A6E52D3583510045B9F0 /* UpdatesSettingsView.swift */; };
		BD12A6E82D3583530045B9F0 /* LabsSettingsView.swift in Sources */ = {isa = PBXBuildFile; fileRef = BD12A6E72D3583530045B9F0 /* LabsSettingsView.swift */; };
		BD12A6EA2D358B240045B9F0 /* Accent.swift in Sources */ = {isa = PBXBuildFile; fileRef = BD12A6E92D358B240045B9F0 /* Accent.swift */; };
		BD12A6EC2D358B390045B9F0 /* Appearance.swift in Sources */ = {isa = PBXBuildFile; fileRef = BD12A6EB2D358B390045B9F0 /* Appearance.swift */; };
		BD1D26222D345F31004F09CB /* EnvironmentObservable.swift in Sources */ = {isa = PBXBuildFile; fileRef = BD1D26212D345F31004F09CB /* EnvironmentObservable.swift */; };
		BD3263642D31ED6500E7445B /* TitleStyleAccessory.swift in Sources */ = {isa = PBXBuildFile; fileRef = BD3263632D31ED6500E7445B /* TitleStyleAccessory.swift */; };
		BD3263662D31EDF400E7445B /* HeaderStyle.swift in Sources */ = {isa = PBXBuildFile; fileRef = BD3263652D31EDF400E7445B /* HeaderStyle.swift */; };
		BD6639382D2EDA34007BAEB2 /* ContentView.swift in Sources */ = {isa = PBXBuildFile; fileRef = BD6639352D2EDA34007BAEB2 /* ContentView.swift */; };
		BD6639392D2EDA34007BAEB2 /* FinalYearProjectApp.swift in Sources */ = {isa = PBXBuildFile; fileRef = BD6639362D2EDA34007BAEB2 /* FinalYearProjectApp.swift */; };
		BD66393A2D2EDA34007BAEB2 /* Preview Assets.xcassets in Resources */ = {isa = PBXBuildFile; fileRef = BD6639322D2EDA34007BAEB2 /* Preview Assets.xcassets */; };
		BD66393B2D2EDA34007BAEB2 /* Assets.xcassets in Resources */ = {isa = PBXBuildFile; fileRef = BD6639342D2EDA34007BAEB2 /* Assets.xcassets */; };
		BD66393E2D2EDA37007BAEB2 /* FinalYearProjectTests.swift in Sources */ = {isa = PBXBuildFile; fileRef = BD66393C2D2EDA37007BAEB2 /* FinalYearProjectTests.swift */; };
		BD6639422D2EDA3A007BAEB2 /* FinalYearProjectUITests.swift in Sources */ = {isa = PBXBuildFile; fileRef = BD66393F2D2EDA3A007BAEB2 /* FinalYearProjectUITests.swift */; };
		BD6639432D2EDA3A007BAEB2 /* FinalYearProjectUITestsLaunchTests.swift in Sources */ = {isa = PBXBuildFile; fileRef = BD6639402D2EDA3A007BAEB2 /* FinalYearProjectUITestsLaunchTests.swift */; };
		BD77F7252D2EE47D0016919C /* TabItem.swift in Sources */ = {isa = PBXBuildFile; fileRef = BD77F7242D2EE47D0016919C /* TabItem.swift */; };
		BD77F7272D2EE6E90016919C /* HomeView.swift in Sources */ = {isa = PBXBuildFile; fileRef = BD77F7262D2EE6E90016919C /* HomeView.swift */; };
		BD77F7292D2EE7030016919C /* ResourcesView.swift in Sources */ = {isa = PBXBuildFile; fileRef = BD77F7282D2EE7030016919C /* ResourcesView.swift */; };
		BD77F72B2D2EE7160016919C /* AlertsView.swift in Sources */ = {isa = PBXBuildFile; fileRef = BD77F72A2D2EE7160016919C /* AlertsView.swift */; };
		BD77F72D2D2EE7240016919C /* SearchView.swift in Sources */ = {isa = PBXBuildFile; fileRef = BD77F72C2D2EE7240016919C /* SearchView.swift */; };
		BD77F72F2D2EE72E0016919C /* SettingsView.swift in Sources */ = {isa = PBXBuildFile; fileRef = BD77F72E2D2EE72E0016919C /* SettingsView.swift */; };
		BD77F7312D2F4D630016919C /* SettingsItem.swift in Sources */ = {isa = PBXBuildFile; fileRef = BD77F7302D2F4D630016919C /* SettingsItem.swift */; };
		BD77F7332D2F4EDC0016919C /* SettingsLinkLabel.swift in Sources */ = {isa = PBXBuildFile; fileRef = BD77F7322D2F4EDC0016919C /* SettingsLinkLabel.swift */; };
		BD77F73E2D302DD40016919C /* NoSelectionView.swift in Sources */ = {isa = PBXBuildFile; fileRef = BD77F73D2D302DD40016919C /* NoSelectionView.swift */; };
		BD77F7402D302F000016919C /* Extensions.swift in Sources */ = {isa = PBXBuildFile; fileRef = BD77F73F2D302F000016919C /* Extensions.swift */; };
		BD8621072D32D77200AFEC3B /* NavigationAccessories in Frameworks */ = {isa = PBXBuildFile; productRef = BD8621062D32D77200AFEC3B /* NavigationAccessories */; };
		BD8621092D32D78E00AFEC3B /* BackButtonAccessory.swift in Sources */ = {isa = PBXBuildFile; fileRef = BD8621082D32D78E00AFEC3B /* BackButtonAccessory.swift */; };
/* End PBXBuildFile section */

/* Begin PBXContainerItemProxy section */
		BD6639162D2EDA2B007BAEB2 /* PBXContainerItemProxy */ = {
			isa = PBXContainerItemProxy;
			containerPortal = BD6638FD2D2EDA2A007BAEB2 /* Project object */;
			proxyType = 1;
			remoteGlobalIDString = BD6639042D2EDA2A007BAEB2;
			remoteInfo = FinalYearProject;
		};
		BD6639202D2EDA2B007BAEB2 /* PBXContainerItemProxy */ = {
			isa = PBXContainerItemProxy;
			containerPortal = BD6638FD2D2EDA2A007BAEB2 /* Project object */;
			proxyType = 1;
			remoteGlobalIDString = BD6639042D2EDA2A007BAEB2;
			remoteInfo = FinalYearProject;
		};
/* End PBXContainerItemProxy section */

/* Begin PBXFileReference section */
		BD12A6D12D356E6A0045B9F0 /* Settings.swift */ = {isa = PBXFileReference; lastKnownFileType = sourcecode.swift; path = Settings.swift; sourceTree = "<group>"; };
		BD12A6D32D3582860045B9F0 /* GeneralSettingsView.swift */ = {isa = PBXFileReference; lastKnownFileType = sourcecode.swift; path = GeneralSettingsView.swift; sourceTree = "<group>"; };
		BD12A6D52D3582BC0045B9F0 /* TimetableSettingsView.swift */ = {isa = PBXFileReference; lastKnownFileType = sourcecode.swift; path = TimetableSettingsView.swift; sourceTree = "<group>"; };
		BD12A6D72D3582C00045B9F0 /* NotificationsSettingsView.swift */ = {isa = PBXFileReference; lastKnownFileType = sourcecode.swift; path = NotificationsSettingsView.swift; sourceTree = "<group>"; };
		BD12A6D92D3582C10045B9F0 /* QuickActionsSettingsView.swift */ = {isa = PBXFileReference; lastKnownFileType = sourcecode.swift; path = QuickActionsSettingsView.swift; sourceTree = "<group>"; };
		BD12A6DB2D3582C20045B9F0 /* WidgetsSettingsView.swift */ = {isa = PBXFileReference; lastKnownFileType = sourcecode.swift; path = WidgetsSettingsView.swift; sourceTree = "<group>"; };
		BD12A6DD2D3582C30045B9F0 /* AppleWatchSettingsView.swift */ = {isa = PBXFileReference; lastKnownFileType = sourcecode.swift; path = AppleWatchSettingsView.swift; sourceTree = "<group>"; };
		BD12A6DF2D3582C40045B9F0 /* DisplaySettingsView.swift */ = {isa = PBXFileReference; lastKnownFileType = sourcecode.swift; path = DisplaySettingsView.swift; sourceTree = "<group>"; };
		BD12A6E12D35834E0045B9F0 /* AppIconSettingsView.swift */ = {isa = PBXFileReference; lastKnownFileType = sourcecode.swift; path = AppIconSettingsView.swift; sourceTree = "<group>"; };
		BD12A6E32D35834F0045B9F0 /* AboutSettingsView.swift */ = {isa = PBXFileReference; lastKnownFileType = sourcecode.swift; path = AboutSettingsView.swift; sourceTree = "<group>"; };
		BD12A6E52D3583510045B9F0 /* UpdatesSettingsView.swift */ = {isa = PBXFileReference; lastKnownFileType = sourcecode.swift; path = UpdatesSettingsView.swift; sourceTree = "<group>"; };
		BD12A6E72D3583530045B9F0 /* LabsSettingsView.swift */ = {isa = PBXFileReference; lastKnownFileType = sourcecode.swift; path = LabsSettingsView.swift; sourceTree = "<group>"; };
		BD12A6E92D358B240045B9F0 /* Accent.swift */ = {isa = PBXFileReference; lastKnownFileType = sourcecode.swift; path = Accent.swift; sourceTree = "<group>"; };
		BD12A6EB2D358B390045B9F0 /* Appearance.swift */ = {isa = PBXFileReference; lastKnownFileType = sourcecode.swift; path = Appearance.swift; sourceTree = "<group>"; };
		BD1D26212D345F31004F09CB /* EnvironmentObservable.swift */ = {isa = PBXFileReference; lastKnownFileType = sourcecode.swift; path = EnvironmentObservable.swift; sourceTree = "<group>"; };
		BD3263632D31ED6500E7445B /* TitleStyleAccessory.swift */ = {isa = PBXFileReference; lastKnownFileType = sourcecode.swift; path = TitleStyleAccessory.swift; sourceTree = "<group>"; };
		BD3263652D31EDF400E7445B /* HeaderStyle.swift */ = {isa = PBXFileReference; lastKnownFileType = sourcecode.swift; path = HeaderStyle.swift; sourceTree = "<group>"; };
		BD6639052D2EDA2A007BAEB2 /* FinalYearProject.app */ = {isa = PBXFileReference; explicitFileType = wrapper.application; includeInIndex = 0; path = FinalYearProject.app; sourceTree = BUILT_PRODUCTS_DIR; };
		BD6639152D2EDA2B007BAEB2 /* FinalYearProjectTests.xctest */ = {isa = PBXFileReference; explicitFileType = wrapper.cfbundle; includeInIndex = 0; path = FinalYearProjectTests.xctest; sourceTree = BUILT_PRODUCTS_DIR; };
		BD66391F2D2EDA2B007BAEB2 /* FinalYearProjectUITests.xctest */ = {isa = PBXFileReference; explicitFileType = wrapper.cfbundle; includeInIndex = 0; path = FinalYearProjectUITests.xctest; sourceTree = BUILT_PRODUCTS_DIR; };
		BD6639322D2EDA34007BAEB2 /* Preview Assets.xcassets */ = {isa = PBXFileReference; lastKnownFileType = folder.assetcatalog; path = "Preview Assets.xcassets"; sourceTree = "<group>"; };
		BD6639342D2EDA34007BAEB2 /* Assets.xcassets */ = {isa = PBXFileReference; lastKnownFileType = folder.assetcatalog; path = Assets.xcassets; sourceTree = "<group>"; };
		BD6639352D2EDA34007BAEB2 /* ContentView.swift */ = {isa = PBXFileReference; lastKnownFileType = sourcecode.swift; path = ContentView.swift; sourceTree = "<group>"; };
		BD6639362D2EDA34007BAEB2 /* FinalYearProjectApp.swift */ = {isa = PBXFileReference; lastKnownFileType = sourcecode.swift; path = FinalYearProjectApp.swift; sourceTree = "<group>"; };
		BD66393C2D2EDA37007BAEB2 /* FinalYearProjectTests.swift */ = {isa = PBXFileReference; lastKnownFileType = sourcecode.swift; path = FinalYearProjectTests.swift; sourceTree = "<group>"; };
		BD66393F2D2EDA3A007BAEB2 /* FinalYearProjectUITests.swift */ = {isa = PBXFileReference; lastKnownFileType = sourcecode.swift; path = FinalYearProjectUITests.swift; sourceTree = "<group>"; };
		BD6639402D2EDA3A007BAEB2 /* FinalYearProjectUITestsLaunchTests.swift */ = {isa = PBXFileReference; lastKnownFileType = sourcecode.swift; path = FinalYearProjectUITestsLaunchTests.swift; sourceTree = "<group>"; };
		BD77F7242D2EE47D0016919C /* TabItem.swift */ = {isa = PBXFileReference; lastKnownFileType = sourcecode.swift; path = TabItem.swift; sourceTree = "<group>"; };
		BD77F7262D2EE6E90016919C /* HomeView.swift */ = {isa = PBXFileReference; lastKnownFileType = sourcecode.swift; path = HomeView.swift; sourceTree = "<group>"; };
		BD77F7282D2EE7030016919C /* ResourcesView.swift */ = {isa = PBXFileReference; lastKnownFileType = sourcecode.swift; path = ResourcesView.swift; sourceTree = "<group>"; };
		BD77F72A2D2EE7160016919C /* AlertsView.swift */ = {isa = PBXFileReference; lastKnownFileType = sourcecode.swift; path = AlertsView.swift; sourceTree = "<group>"; };
		BD77F72C2D2EE7240016919C /* SearchView.swift */ = {isa = PBXFileReference; lastKnownFileType = sourcecode.swift; path = SearchView.swift; sourceTree = "<group>"; };
		BD77F72E2D2EE72E0016919C /* SettingsView.swift */ = {isa = PBXFileReference; lastKnownFileType = sourcecode.swift; path = SettingsView.swift; sourceTree = "<group>"; };
		BD77F7302D2F4D630016919C /* SettingsItem.swift */ = {isa = PBXFileReference; lastKnownFileType = sourcecode.swift; path = SettingsItem.swift; sourceTree = "<group>"; };
		BD77F7322D2F4EDC0016919C /* SettingsLinkLabel.swift */ = {isa = PBXFileReference; lastKnownFileType = sourcecode.swift; path = SettingsLinkLabel.swift; sourceTree = "<group>"; };
		BD77F7342D301FF60016919C /* Info.plist */ = {isa = PBXFileReference; lastKnownFileType = text.plist.xml; path = Info.plist; sourceTree = "<group>"; };
		BD77F73D2D302DD40016919C /* NoSelectionView.swift */ = {isa = PBXFileReference; lastKnownFileType = sourcecode.swift; path = NoSelectionView.swift; sourceTree = "<group>"; };
		BD77F73F2D302F000016919C /* Extensions.swift */ = {isa = PBXFileReference; lastKnownFileType = sourcecode.swift; path = Extensions.swift; sourceTree = "<group>"; };
		BD8621082D32D78E00AFEC3B /* BackButtonAccessory.swift */ = {isa = PBXFileReference; lastKnownFileType = sourcecode.swift; path = BackButtonAccessory.swift; sourceTree = "<group>"; };
/* End PBXFileReference section */

/* Begin PBXFrameworksBuildPhase section */
		BD6639022D2EDA2A007BAEB2 /* Frameworks */ = {
			isa = PBXFrameworksBuildPhase;
			buildActionMask = 2147483647;
			files = (
				BD8621072D32D77200AFEC3B /* NavigationAccessories in Frameworks */,
			);
			runOnlyForDeploymentPostprocessing = 0;
		};
		BD6639122D2EDA2B007BAEB2 /* Frameworks */ = {
			isa = PBXFrameworksBuildPhase;
			buildActionMask = 2147483647;
			files = (
			);
			runOnlyForDeploymentPostprocessing = 0;
		};
		BD66391C2D2EDA2B007BAEB2 /* Frameworks */ = {
			isa = PBXFrameworksBuildPhase;
			buildActionMask = 2147483647;
			files = (
			);
			runOnlyForDeploymentPostprocessing = 0;
		};
/* End PBXFrameworksBuildPhase section */

/* Begin PBXGroup section */
		BD1D261E2D345E0F004F09CB /* CustomNavigationAccessories */ = {
			isa = PBXGroup;
			children = (
				BD3263632D31ED6500E7445B /* TitleStyleAccessory.swift */,
				BD8621082D32D78E00AFEC3B /* BackButtonAccessory.swift */,
			);
			path = CustomNavigationAccessories;
			sourceTree = "<group>";
		};
		BD6638FC2D2EDA2A007BAEB2 = {
			isa = PBXGroup;
			children = (
				BD6639372D2EDA34007BAEB2 /* FinalYearProject */,
				BD66393D2D2EDA37007BAEB2 /* FinalYearProjectTests */,
				BD6639412D2EDA3A007BAEB2 /* FinalYearProjectUITests */,
				BD6639062D2EDA2A007BAEB2 /* Products */,
			);
			sourceTree = "<group>";
		};
		BD6639062D2EDA2A007BAEB2 /* Products */ = {
			isa = PBXGroup;
			children = (
				BD6639052D2EDA2A007BAEB2 /* FinalYearProject.app */,
				BD6639152D2EDA2B007BAEB2 /* FinalYearProjectTests.xctest */,
				BD66391F2D2EDA2B007BAEB2 /* FinalYearProjectUITests.xctest */,
			);
			name = Products;
			sourceTree = "<group>";
		};
		BD6639332D2EDA34007BAEB2 /* Preview Content */ = {
			isa = PBXGroup;
			children = (
				BD6639322D2EDA34007BAEB2 /* Preview Assets.xcassets */,
			);
			path = "Preview Content";
			sourceTree = "<group>";
		};
		BD6639372D2EDA34007BAEB2 /* FinalYearProject */ = {
			isa = PBXGroup;
			children = (
				BD6639362D2EDA34007BAEB2 /* FinalYearProjectApp.swift */,
				BD6639352D2EDA34007BAEB2 /* ContentView.swift */,
				BD77F73A2D3026540016919C /* Home */,
				BD77F7382D30264A0016919C /* Resources */,
				BD77F7352D3026360016919C /* Alerts */,
				BD77F7362D30263B0016919C /* Search */,
				BD77F7372D3026400016919C /* Settings */,
				BD77F7242D2EE47D0016919C /* TabItem.swift */,
				BD77F73D2D302DD40016919C /* NoSelectionView.swift */,
				BD77F73F2D302F000016919C /* Extensions.swift */,
				BD3263652D31EDF400E7445B /* HeaderStyle.swift */,
				BD12A6E92D358B240045B9F0 /* Accent.swift */,
				BD12A6EB2D358B390045B9F0 /* Appearance.swift */,
				BD12A6D12D356E6A0045B9F0 /* Settings.swift */,
				BD1D26212D345F31004F09CB /* EnvironmentObservable.swift */,
				BD1D261E2D345E0F004F09CB /* CustomNavigationAccessories */,
				BD6639342D2EDA34007BAEB2 /* Assets.xcassets */,
				BD77F7342D301FF60016919C /* Info.plist */,
				BD6639332D2EDA34007BAEB2 /* Preview Content */,
			);
			path = FinalYearProject;
			sourceTree = "<group>";
		};
		BD66393D2D2EDA37007BAEB2 /* FinalYearProjectTests */ = {
			isa = PBXGroup;
			children = (
				BD66393C2D2EDA37007BAEB2 /* FinalYearProjectTests.swift */,
			);
			path = FinalYearProjectTests;
			sourceTree = "<group>";
		};
		BD6639412D2EDA3A007BAEB2 /* FinalYearProjectUITests */ = {
			isa = PBXGroup;
			children = (
				BD66393F2D2EDA3A007BAEB2 /* FinalYearProjectUITests.swift */,
				BD6639402D2EDA3A007BAEB2 /* FinalYearProjectUITestsLaunchTests.swift */,
			);
			path = FinalYearProjectUITests;
			sourceTree = "<group>";
		};
		BD77F7352D3026360016919C /* Alerts */ = {
			isa = PBXGroup;
			children = (
				BD77F72A2D2EE7160016919C /* AlertsView.swift */,
			);
			path = Alerts;
			sourceTree = "<group>";
		};
		BD77F7362D30263B0016919C /* Search */ = {
			isa = PBXGroup;
			children = (
				BD77F72C2D2EE7240016919C /* SearchView.swift */,
			);
			path = Search;
			sourceTree = "<group>";
		};
		BD77F7372D3026400016919C /* Settings */ = {
			isa = PBXGroup;
			children = (
				BD77F72E2D2EE72E0016919C /* SettingsView.swift */,
				BD77F7322D2F4EDC0016919C /* SettingsLinkLabel.swift */,
				BD77F7302D2F4D630016919C /* SettingsItem.swift */,
				BD12A6D32D3582860045B9F0 /* GeneralSettingsView.swift */,
				BD12A6D52D3582BC0045B9F0 /* TimetableSettingsView.swift */,
				BD12A6D72D3582C00045B9F0 /* NotificationsSettingsView.swift */,
				BD12A6D92D3582C10045B9F0 /* QuickActionsSettingsView.swift */,
				BD12A6DB2D3582C20045B9F0 /* WidgetsSettingsView.swift */,
				BD12A6DD2D3582C30045B9F0 /* AppleWatchSettingsView.swift */,
				BD12A6DF2D3582C40045B9F0 /* DisplaySettingsView.swift */,
				BD12A6E12D35834E0045B9F0 /* AppIconSettingsView.swift */,
				BD12A6E32D35834F0045B9F0 /* AboutSettingsView.swift */,
				BD12A6E52D3583510045B9F0 /* UpdatesSettingsView.swift */,
				BD12A6E72D3583530045B9F0 /* LabsSettingsView.swift */,
			);
			path = Settings;
			sourceTree = "<group>";
		};
		BD77F7382D30264A0016919C /* Resources */ = {
			isa = PBXGroup;
			children = (
				BD77F7282D2EE7030016919C /* ResourcesView.swift */,
			);
			path = Resources;
			sourceTree = "<group>";
		};
		BD77F73A2D3026540016919C /* Home */ = {
			isa = PBXGroup;
			children = (
				BD77F7262D2EE6E90016919C /* HomeView.swift */,
			);
			path = Home;
			sourceTree = "<group>";
		};
/* End PBXGroup section */

/* Begin PBXNativeTarget section */
		BD6639042D2EDA2A007BAEB2 /* FinalYearProject */ = {
			isa = PBXNativeTarget;
			buildConfigurationList = BD6639292D2EDA2B007BAEB2 /* Build configuration list for PBXNativeTarget "FinalYearProject" */;
			buildPhases = (
				BD6639012D2EDA2A007BAEB2 /* Sources */,
				BD6639022D2EDA2A007BAEB2 /* Frameworks */,
				BD6639032D2EDA2A007BAEB2 /* Resources */,
			);
			buildRules = (
			);
			dependencies = (
			);
			name = FinalYearProject;
			packageProductDependencies = (
				BD8621062D32D77200AFEC3B /* NavigationAccessories */,
			);
			productName = FinalYearProject;
			productReference = BD6639052D2EDA2A007BAEB2 /* FinalYearProject.app */;
			productType = "com.apple.product-type.application";
		};
		BD6639142D2EDA2B007BAEB2 /* FinalYearProjectTests */ = {
			isa = PBXNativeTarget;
			buildConfigurationList = BD66392C2D2EDA2B007BAEB2 /* Build configuration list for PBXNativeTarget "FinalYearProjectTests" */;
			buildPhases = (
				BD6639112D2EDA2B007BAEB2 /* Sources */,
				BD6639122D2EDA2B007BAEB2 /* Frameworks */,
				BD6639132D2EDA2B007BAEB2 /* Resources */,
			);
			buildRules = (
			);
			dependencies = (
				BD6639172D2EDA2B007BAEB2 /* PBXTargetDependency */,
			);
			name = FinalYearProjectTests;
			packageProductDependencies = (
			);
			productName = FinalYearProjectTests;
			productReference = BD6639152D2EDA2B007BAEB2 /* FinalYearProjectTests.xctest */;
			productType = "com.apple.product-type.bundle.unit-test";
		};
		BD66391E2D2EDA2B007BAEB2 /* FinalYearProjectUITests */ = {
			isa = PBXNativeTarget;
			buildConfigurationList = BD66392F2D2EDA2B007BAEB2 /* Build configuration list for PBXNativeTarget "FinalYearProjectUITests" */;
			buildPhases = (
				BD66391B2D2EDA2B007BAEB2 /* Sources */,
				BD66391C2D2EDA2B007BAEB2 /* Frameworks */,
				BD66391D2D2EDA2B007BAEB2 /* Resources */,
			);
			buildRules = (
			);
			dependencies = (
				BD6639212D2EDA2B007BAEB2 /* PBXTargetDependency */,
			);
			name = FinalYearProjectUITests;
			packageProductDependencies = (
			);
			productName = FinalYearProjectUITests;
			productReference = BD66391F2D2EDA2B007BAEB2 /* FinalYearProjectUITests.xctest */;
			productType = "com.apple.product-type.bundle.ui-testing";
		};
/* End PBXNativeTarget section */

/* Begin PBXProject section */
		BD6638FD2D2EDA2A007BAEB2 /* Project object */ = {
			isa = PBXProject;
			attributes = {
				BuildIndependentTargetsInParallel = 1;
				LastSwiftUpdateCheck = 1620;
				LastUpgradeCheck = 1620;
				TargetAttributes = {
					BD6639042D2EDA2A007BAEB2 = {
						CreatedOnToolsVersion = 16.2;
					};
					BD6639142D2EDA2B007BAEB2 = {
						CreatedOnToolsVersion = 16.2;
						TestTargetID = BD6639042D2EDA2A007BAEB2;
					};
					BD66391E2D2EDA2B007BAEB2 = {
						CreatedOnToolsVersion = 16.2;
						TestTargetID = BD6639042D2EDA2A007BAEB2;
					};
				};
			};
			buildConfigurationList = BD6639002D2EDA2A007BAEB2 /* Build configuration list for PBXProject "FinalYearProject" */;
			developmentRegion = en;
			hasScannedForEncodings = 0;
			knownRegions = (
				en,
				Base,
			);
			mainGroup = BD6638FC2D2EDA2A007BAEB2;
			minimizedProjectReferenceProxies = 1;
			packageReferences = (
				BD8621052D32D77200AFEC3B /* XCRemoteSwiftPackageReference "navigation-accessories" */,
			);
			preferredProjectObjectVersion = 77;
			productRefGroup = BD6639062D2EDA2A007BAEB2 /* Products */;
			projectDirPath = "";
			projectRoot = "";
			targets = (
				BD6639042D2EDA2A007BAEB2 /* FinalYearProject */,
				BD6639142D2EDA2B007BAEB2 /* FinalYearProjectTests */,
				BD66391E2D2EDA2B007BAEB2 /* FinalYearProjectUITests */,
			);
		};
/* End PBXProject section */

/* Begin PBXResourcesBuildPhase section */
		BD6639032D2EDA2A007BAEB2 /* Resources */ = {
			isa = PBXResourcesBuildPhase;
			buildActionMask = 2147483647;
			files = (
				BD66393A2D2EDA34007BAEB2 /* Preview Assets.xcassets in Resources */,
				BD66393B2D2EDA34007BAEB2 /* Assets.xcassets in Resources */,
			);
			runOnlyForDeploymentPostprocessing = 0;
		};
		BD6639132D2EDA2B007BAEB2 /* Resources */ = {
			isa = PBXResourcesBuildPhase;
			buildActionMask = 2147483647;
			files = (
			);
			runOnlyForDeploymentPostprocessing = 0;
		};
		BD66391D2D2EDA2B007BAEB2 /* Resources */ = {
			isa = PBXResourcesBuildPhase;
			buildActionMask = 2147483647;
			files = (
			);
			runOnlyForDeploymentPostprocessing = 0;
		};
/* End PBXResourcesBuildPhase section */

/* Begin PBXSourcesBuildPhase section */
		BD6639012D2EDA2A007BAEB2 /* Sources */ = {
			isa = PBXSourcesBuildPhase;
			buildActionMask = 2147483647;
			files = (
				BD3263662D31EDF400E7445B /* HeaderStyle.swift in Sources */,
				BD12A6DA2D3582C10045B9F0 /* QuickActionsSettingsView.swift in Sources */,
				BD77F7252D2EE47D0016919C /* TabItem.swift in Sources */,
				BD12A6D42D3582860045B9F0 /* GeneralSettingsView.swift in Sources */,
				BD77F73E2D302DD40016919C /* NoSelectionView.swift in Sources */,
				BD12A6D62D3582BC0045B9F0 /* TimetableSettingsView.swift in Sources */,
				BD77F72F2D2EE72E0016919C /* SettingsView.swift in Sources */,
				BD12A6DC2D3582C20045B9F0 /* WidgetsSettingsView.swift in Sources */,
				BD77F7272D2EE6E90016919C /* HomeView.swift in Sources */,
				BD12A6D82D3582C00045B9F0 /* NotificationsSettingsView.swift in Sources */,
				BD1D26222D345F31004F09CB /* EnvironmentObservable.swift in Sources */,
				BD12A6EA2D358B240045B9F0 /* Accent.swift in Sources */,
				BD12A6D22D356E6A0045B9F0 /* Settings.swift in Sources */,
				BD77F7332D2F4EDC0016919C /* SettingsLinkLabel.swift in Sources */,
				BD8621092D32D78E00AFEC3B /* BackButtonAccessory.swift in Sources */,
				BD6639382D2EDA34007BAEB2 /* ContentView.swift in Sources */,
				BD12A6E02D3582C40045B9F0 /* DisplaySettingsView.swift in Sources */,
				BD77F72D2D2EE7240016919C /* SearchView.swift in Sources */,
				BD77F7402D302F000016919C /* Extensions.swift in Sources */,
				BD6639392D2EDA34007BAEB2 /* FinalYearProjectApp.swift in Sources */,
				BD77F7292D2EE7030016919C /* ResourcesView.swift in Sources */,
				BD12A6E22D35834E0045B9F0 /* AppIconSettingsView.swift in Sources */,
				BD3263642D31ED6500E7445B /* TitleStyleAccessory.swift in Sources */,
				BD77F72B2D2EE7160016919C /* AlertsView.swift in Sources */,
				BD12A6E42D35834F0045B9F0 /* AboutSettingsView.swift in Sources */,
				BD12A6EC2D358B390045B9F0 /* Appearance.swift in Sources */,
				BD12A6DE2D3582C30045B9F0 /* AppleWatchSettingsView.swift in Sources */,
				BD12A6E82D3583530045B9F0 /* LabsSettingsView.swift in Sources */,
				BD77F7312D2F4D630016919C /* SettingsItem.swift in Sources */,
				BD12A6E62D3583510045B9F0 /* UpdatesSettingsView.swift in Sources */,
			);
			runOnlyForDeploymentPostprocessing = 0;
		};
		BD6639112D2EDA2B007BAEB2 /* Sources */ = {
			isa = PBXSourcesBuildPhase;
			buildActionMask = 2147483647;
			files = (
				BD66393E2D2EDA37007BAEB2 /* FinalYearProjectTests.swift in Sources */,
			);
			runOnlyForDeploymentPostprocessing = 0;
		};
		BD66391B2D2EDA2B007BAEB2 /* Sources */ = {
			isa = PBXSourcesBuildPhase;
			buildActionMask = 2147483647;
			files = (
				BD6639422D2EDA3A007BAEB2 /* FinalYearProjectUITests.swift in Sources */,
				BD6639432D2EDA3A007BAEB2 /* FinalYearProjectUITestsLaunchTests.swift in Sources */,
			);
			runOnlyForDeploymentPostprocessing = 0;
		};
/* End PBXSourcesBuildPhase section */

/* Begin PBXTargetDependency section */
		BD6639172D2EDA2B007BAEB2 /* PBXTargetDependency */ = {
			isa = PBXTargetDependency;
			target = BD6639042D2EDA2A007BAEB2 /* FinalYearProject */;
			targetProxy = BD6639162D2EDA2B007BAEB2 /* PBXContainerItemProxy */;
		};
		BD6639212D2EDA2B007BAEB2 /* PBXTargetDependency */ = {
			isa = PBXTargetDependency;
			target = BD6639042D2EDA2A007BAEB2 /* FinalYearProject */;
			targetProxy = BD6639202D2EDA2B007BAEB2 /* PBXContainerItemProxy */;
		};
/* End PBXTargetDependency section */

/* Begin XCBuildConfiguration section */
		BD6639272D2EDA2B007BAEB2 /* Debug */ = {
			isa = XCBuildConfiguration;
			buildSettings = {
				ALWAYS_SEARCH_USER_PATHS = NO;
				ASSETCATALOG_COMPILER_GENERATE_SWIFT_ASSET_SYMBOL_EXTENSIONS = YES;
				CLANG_ANALYZER_NONNULL = YES;
				CLANG_ANALYZER_NUMBER_OBJECT_CONVERSION = YES_AGGRESSIVE;
				CLANG_CXX_LANGUAGE_STANDARD = "gnu++20";
				CLANG_ENABLE_MODULES = YES;
				CLANG_ENABLE_OBJC_ARC = YES;
				CLANG_ENABLE_OBJC_WEAK = YES;
				CLANG_WARN_BLOCK_CAPTURE_AUTORELEASING = YES;
				CLANG_WARN_BOOL_CONVERSION = YES;
				CLANG_WARN_COMMA = YES;
				CLANG_WARN_CONSTANT_CONVERSION = YES;
				CLANG_WARN_DEPRECATED_OBJC_IMPLEMENTATIONS = YES;
				CLANG_WARN_DIRECT_OBJC_ISA_USAGE = YES_ERROR;
				CLANG_WARN_DOCUMENTATION_COMMENTS = YES;
				CLANG_WARN_EMPTY_BODY = YES;
				CLANG_WARN_ENUM_CONVERSION = YES;
				CLANG_WARN_INFINITE_RECURSION = YES;
				CLANG_WARN_INT_CONVERSION = YES;
				CLANG_WARN_NON_LITERAL_NULL_CONVERSION = YES;
				CLANG_WARN_OBJC_IMPLICIT_RETAIN_SELF = YES;
				CLANG_WARN_OBJC_LITERAL_CONVERSION = YES;
				CLANG_WARN_OBJC_ROOT_CLASS = YES_ERROR;
				CLANG_WARN_QUOTED_INCLUDE_IN_FRAMEWORK_HEADER = YES;
				CLANG_WARN_RANGE_LOOP_ANALYSIS = YES;
				CLANG_WARN_STRICT_PROTOTYPES = YES;
				CLANG_WARN_SUSPICIOUS_MOVE = YES;
				CLANG_WARN_UNGUARDED_AVAILABILITY = YES_AGGRESSIVE;
				CLANG_WARN_UNREACHABLE_CODE = YES;
				CLANG_WARN__DUPLICATE_METHOD_MATCH = YES;
				COPY_PHASE_STRIP = NO;
				DEBUG_INFORMATION_FORMAT = dwarf;
				ENABLE_STRICT_OBJC_MSGSEND = YES;
				ENABLE_TESTABILITY = YES;
				ENABLE_USER_SCRIPT_SANDBOXING = YES;
				GCC_C_LANGUAGE_STANDARD = gnu17;
				GCC_DYNAMIC_NO_PIC = NO;
				GCC_NO_COMMON_BLOCKS = YES;
				GCC_OPTIMIZATION_LEVEL = 0;
				GCC_PREPROCESSOR_DEFINITIONS = (
					"DEBUG=1",
					"$(inherited)",
				);
				GCC_WARN_64_TO_32_BIT_CONVERSION = YES;
				GCC_WARN_ABOUT_RETURN_TYPE = YES_ERROR;
				GCC_WARN_UNDECLARED_SELECTOR = YES;
				GCC_WARN_UNINITIALIZED_AUTOS = YES_AGGRESSIVE;
				GCC_WARN_UNUSED_FUNCTION = YES;
				GCC_WARN_UNUSED_VARIABLE = YES;
				IPHONEOS_DEPLOYMENT_TARGET = 18.2;
				LOCALIZATION_PREFERS_STRING_CATALOGS = YES;
				MTL_ENABLE_DEBUG_INFO = INCLUDE_SOURCE;
				MTL_FAST_MATH = YES;
				ONLY_ACTIVE_ARCH = YES;
				SDKROOT = iphoneos;
				SWIFT_ACTIVE_COMPILATION_CONDITIONS = "DEBUG $(inherited)";
				SWIFT_OPTIMIZATION_LEVEL = "-Onone";
			};
			name = Debug;
		};
		BD6639282D2EDA2B007BAEB2 /* Release */ = {
			isa = XCBuildConfiguration;
			buildSettings = {
				ALWAYS_SEARCH_USER_PATHS = NO;
				ASSETCATALOG_COMPILER_GENERATE_SWIFT_ASSET_SYMBOL_EXTENSIONS = YES;
				CLANG_ANALYZER_NONNULL = YES;
				CLANG_ANALYZER_NUMBER_OBJECT_CONVERSION = YES_AGGRESSIVE;
				CLANG_CXX_LANGUAGE_STANDARD = "gnu++20";
				CLANG_ENABLE_MODULES = YES;
				CLANG_ENABLE_OBJC_ARC = YES;
				CLANG_ENABLE_OBJC_WEAK = YES;
				CLANG_WARN_BLOCK_CAPTURE_AUTORELEASING = YES;
				CLANG_WARN_BOOL_CONVERSION = YES;
				CLANG_WARN_COMMA = YES;
				CLANG_WARN_CONSTANT_CONVERSION = YES;
				CLANG_WARN_DEPRECATED_OBJC_IMPLEMENTATIONS = YES;
				CLANG_WARN_DIRECT_OBJC_ISA_USAGE = YES_ERROR;
				CLANG_WARN_DOCUMENTATION_COMMENTS = YES;
				CLANG_WARN_EMPTY_BODY = YES;
				CLANG_WARN_ENUM_CONVERSION = YES;
				CLANG_WARN_INFINITE_RECURSION = YES;
				CLANG_WARN_INT_CONVERSION = YES;
				CLANG_WARN_NON_LITERAL_NULL_CONVERSION = YES;
				CLANG_WARN_OBJC_IMPLICIT_RETAIN_SELF = YES;
				CLANG_WARN_OBJC_LITERAL_CONVERSION = YES;
				CLANG_WARN_OBJC_ROOT_CLASS = YES_ERROR;
				CLANG_WARN_QUOTED_INCLUDE_IN_FRAMEWORK_HEADER = YES;
				CLANG_WARN_RANGE_LOOP_ANALYSIS = YES;
				CLANG_WARN_STRICT_PROTOTYPES = YES;
				CLANG_WARN_SUSPICIOUS_MOVE = YES;
				CLANG_WARN_UNGUARDED_AVAILABILITY = YES_AGGRESSIVE;
				CLANG_WARN_UNREACHABLE_CODE = YES;
				CLANG_WARN__DUPLICATE_METHOD_MATCH = YES;
				COPY_PHASE_STRIP = NO;
				DEBUG_INFORMATION_FORMAT = "dwarf-with-dsym";
				ENABLE_NS_ASSERTIONS = NO;
				ENABLE_STRICT_OBJC_MSGSEND = YES;
				ENABLE_USER_SCRIPT_SANDBOXING = YES;
				GCC_C_LANGUAGE_STANDARD = gnu17;
				GCC_NO_COMMON_BLOCKS = YES;
				GCC_WARN_64_TO_32_BIT_CONVERSION = YES;
				GCC_WARN_ABOUT_RETURN_TYPE = YES_ERROR;
				GCC_WARN_UNDECLARED_SELECTOR = YES;
				GCC_WARN_UNINITIALIZED_AUTOS = YES_AGGRESSIVE;
				GCC_WARN_UNUSED_FUNCTION = YES;
				GCC_WARN_UNUSED_VARIABLE = YES;
				IPHONEOS_DEPLOYMENT_TARGET = 18.2;
				LOCALIZATION_PREFERS_STRING_CATALOGS = YES;
				MTL_ENABLE_DEBUG_INFO = NO;
				MTL_FAST_MATH = YES;
				SDKROOT = iphoneos;
				SWIFT_COMPILATION_MODE = wholemodule;
				VALIDATE_PRODUCT = YES;
			};
			name = Release;
		};
		BD66392A2D2EDA2B007BAEB2 /* Debug */ = {
			isa = XCBuildConfiguration;
			buildSettings = {
				ASSETCATALOG_COMPILER_APPICON_NAME = "AppIcon-Default";
				ASSETCATALOG_COMPILER_GLOBAL_ACCENT_COLOR_NAME = AccentColor;
				ASSETCATALOG_COMPILER_INCLUDE_ALL_APPICON_ASSETS = YES;
				CODE_SIGN_STYLE = Automatic;
				CURRENT_PROJECT_VERSION = 1;
				DEVELOPMENT_ASSET_PATHS = "\"FinalYearProject/Preview Content\"";
				DEVELOPMENT_TEAM = CZK97YC4GP;
				ENABLE_PREVIEWS = YES;
				GENERATE_INFOPLIST_FILE = YES;
				INFOPLIST_FILE = FinalYearProject/Info.plist;
				INFOPLIST_KEY_CFBundleDisplayName = myLboro;
				INFOPLIST_KEY_LSApplicationCategoryType = "public.app-category.education";
				INFOPLIST_KEY_UIApplicationSceneManifest_Generation = YES;
				INFOPLIST_KEY_UIApplicationSupportsIndirectInputEvents = YES;
				INFOPLIST_KEY_UILaunchScreen_Generation = YES;
				INFOPLIST_KEY_UISupportedInterfaceOrientations = UIInterfaceOrientationPortrait;
				INFOPLIST_KEY_UISupportedInterfaceOrientations_iPad = "UIInterfaceOrientationLandscapeLeft UIInterfaceOrientationLandscapeRight UIInterfaceOrientationPortrait UIInterfaceOrientationPortraitUpsideDown";
				LD_RUNPATH_SEARCH_PATHS = (
					"$(inherited)",
					"@executable_path/Frameworks",
				);
				MARKETING_VERSION = 1.0;
				PRODUCT_BUNDLE_IDENTIFIER = com.njansari.FinalYearProject;
				PRODUCT_NAME = "$(TARGET_NAME)";
				SUPPORTED_PLATFORMS = "iphoneos iphonesimulator";
				SUPPORTS_MACCATALYST = NO;
				SUPPORTS_MAC_DESIGNED_FOR_IPHONE_IPAD = NO;
				SUPPORTS_XR_DESIGNED_FOR_IPHONE_IPAD = NO;
				SWIFT_EMIT_LOC_STRINGS = YES;
				SWIFT_VERSION = 6.0;
				TARGETED_DEVICE_FAMILY = "1,2";
			};
			name = Debug;
		};
		BD66392B2D2EDA2B007BAEB2 /* Release */ = {
			isa = XCBuildConfiguration;
			buildSettings = {
				ASSETCATALOG_COMPILER_APPICON_NAME = "AppIcon-Default";
				ASSETCATALOG_COMPILER_GLOBAL_ACCENT_COLOR_NAME = AccentColor;
				ASSETCATALOG_COMPILER_INCLUDE_ALL_APPICON_ASSETS = YES;
				CODE_SIGN_STYLE = Automatic;
				CURRENT_PROJECT_VERSION = 1;
				DEVELOPMENT_ASSET_PATHS = "\"FinalYearProject/Preview Content\"";
				DEVELOPMENT_TEAM = CZK97YC4GP;
				ENABLE_PREVIEWS = YES;
				GENERATE_INFOPLIST_FILE = YES;
				INFOPLIST_FILE = FinalYearProject/Info.plist;
				INFOPLIST_KEY_CFBundleDisplayName = myLboro;
				INFOPLIST_KEY_LSApplicationCategoryType = "public.app-category.education";
				INFOPLIST_KEY_UIApplicationSceneManifest_Generation = YES;
				INFOPLIST_KEY_UIApplicationSupportsIndirectInputEvents = YES;
				INFOPLIST_KEY_UILaunchScreen_Generation = YES;
				INFOPLIST_KEY_UISupportedInterfaceOrientations = UIInterfaceOrientationPortrait;
				INFOPLIST_KEY_UISupportedInterfaceOrientations_iPad = "UIInterfaceOrientationLandscapeLeft UIInterfaceOrientationLandscapeRight UIInterfaceOrientationPortrait UIInterfaceOrientationPortraitUpsideDown";
				LD_RUNPATH_SEARCH_PATHS = (
					"$(inherited)",
					"@executable_path/Frameworks",
				);
				MARKETING_VERSION = 1.0;
				PRODUCT_BUNDLE_IDENTIFIER = com.njansari.FinalYearProject;
				PRODUCT_NAME = "$(TARGET_NAME)";
				SUPPORTED_PLATFORMS = "iphoneos iphonesimulator";
				SUPPORTS_MACCATALYST = NO;
				SUPPORTS_MAC_DESIGNED_FOR_IPHONE_IPAD = NO;
				SUPPORTS_XR_DESIGNED_FOR_IPHONE_IPAD = NO;
				SWIFT_EMIT_LOC_STRINGS = YES;
				SWIFT_VERSION = 6.0;
				TARGETED_DEVICE_FAMILY = "1,2";
			};
			name = Release;
		};
		BD66392D2D2EDA2B007BAEB2 /* Debug */ = {
			isa = XCBuildConfiguration;
			buildSettings = {
				BUNDLE_LOADER = "$(TEST_HOST)";
				CODE_SIGN_STYLE = Automatic;
				CURRENT_PROJECT_VERSION = 1;
				DEVELOPMENT_TEAM = CZK97YC4GP;
				GENERATE_INFOPLIST_FILE = YES;
				IPHONEOS_DEPLOYMENT_TARGET = 18.2;
				MARKETING_VERSION = 1.0;
				PRODUCT_BUNDLE_IDENTIFIER = com.njansari.FinalYearProjectTests;
				PRODUCT_NAME = "$(TARGET_NAME)";
				SUPPORTED_PLATFORMS = "iphoneos iphonesimulator";
				SUPPORTS_MACCATALYST = NO;
				SUPPORTS_MAC_DESIGNED_FOR_IPHONE_IPAD = NO;
				SUPPORTS_XR_DESIGNED_FOR_IPHONE_IPAD = NO;
				SWIFT_EMIT_LOC_STRINGS = NO;
				SWIFT_VERSION = 6.0;
				TARGETED_DEVICE_FAMILY = "1,2";
				TEST_HOST = "$(BUILT_PRODUCTS_DIR)/FinalYearProject.app/$(BUNDLE_EXECUTABLE_FOLDER_PATH)/FinalYearProject";
			};
			name = Debug;
		};
		BD66392E2D2EDA2B007BAEB2 /* Release */ = {
			isa = XCBuildConfiguration;
			buildSettings = {
				BUNDLE_LOADER = "$(TEST_HOST)";
				CODE_SIGN_STYLE = Automatic;
				CURRENT_PROJECT_VERSION = 1;
				DEVELOPMENT_TEAM = CZK97YC4GP;
				GENERATE_INFOPLIST_FILE = YES;
				IPHONEOS_DEPLOYMENT_TARGET = 18.2;
				MARKETING_VERSION = 1.0;
				PRODUCT_BUNDLE_IDENTIFIER = com.njansari.FinalYearProjectTests;
				PRODUCT_NAME = "$(TARGET_NAME)";
				SUPPORTED_PLATFORMS = "iphoneos iphonesimulator";
				SUPPORTS_MACCATALYST = NO;
				SUPPORTS_MAC_DESIGNED_FOR_IPHONE_IPAD = NO;
				SUPPORTS_XR_DESIGNED_FOR_IPHONE_IPAD = NO;
				SWIFT_EMIT_LOC_STRINGS = NO;
				SWIFT_VERSION = 6.0;
				TARGETED_DEVICE_FAMILY = "1,2";
				TEST_HOST = "$(BUILT_PRODUCTS_DIR)/FinalYearProject.app/$(BUNDLE_EXECUTABLE_FOLDER_PATH)/FinalYearProject";
			};
			name = Release;
		};
		BD6639302D2EDA2B007BAEB2 /* Debug */ = {
			isa = XCBuildConfiguration;
			buildSettings = {
				CODE_SIGN_STYLE = Automatic;
				CURRENT_PROJECT_VERSION = 1;
				DEVELOPMENT_TEAM = CZK97YC4GP;
				GENERATE_INFOPLIST_FILE = YES;
				MARKETING_VERSION = 1.0;
				PRODUCT_BUNDLE_IDENTIFIER = com.njansari.FinalYearProjectUITests;
				PRODUCT_NAME = "$(TARGET_NAME)";
				SUPPORTED_PLATFORMS = "iphoneos iphonesimulator";
				SUPPORTS_MACCATALYST = NO;
				SUPPORTS_MAC_DESIGNED_FOR_IPHONE_IPAD = NO;
				SUPPORTS_XR_DESIGNED_FOR_IPHONE_IPAD = NO;
				SWIFT_EMIT_LOC_STRINGS = NO;
				SWIFT_VERSION = 6.0;
				TARGETED_DEVICE_FAMILY = "1,2";
				TEST_TARGET_NAME = FinalYearProject;
			};
			name = Debug;
		};
		BD6639312D2EDA2B007BAEB2 /* Release */ = {
			isa = XCBuildConfiguration;
			buildSettings = {
				CODE_SIGN_STYLE = Automatic;
				CURRENT_PROJECT_VERSION = 1;
				DEVELOPMENT_TEAM = CZK97YC4GP;
				GENERATE_INFOPLIST_FILE = YES;
				MARKETING_VERSION = 1.0;
				PRODUCT_BUNDLE_IDENTIFIER = com.njansari.FinalYearProjectUITests;
				PRODUCT_NAME = "$(TARGET_NAME)";
				SUPPORTED_PLATFORMS = "iphoneos iphonesimulator";
				SUPPORTS_MACCATALYST = NO;
				SUPPORTS_MAC_DESIGNED_FOR_IPHONE_IPAD = NO;
				SUPPORTS_XR_DESIGNED_FOR_IPHONE_IPAD = NO;
				SWIFT_EMIT_LOC_STRINGS = NO;
				SWIFT_VERSION = 6.0;
				TARGETED_DEVICE_FAMILY = "1,2";
				TEST_TARGET_NAME = FinalYearProject;
			};
			name = Release;
		};
/* End XCBuildConfiguration section */

/* Begin XCConfigurationList section */
		BD6639002D2EDA2A007BAEB2 /* Build configuration list for PBXProject "FinalYearProject" */ = {
			isa = XCConfigurationList;
			buildConfigurations = (
				BD6639272D2EDA2B007BAEB2 /* Debug */,
				BD6639282D2EDA2B007BAEB2 /* Release */,
			);
			defaultConfigurationIsVisible = 0;
			defaultConfigurationName = Release;
		};
		BD6639292D2EDA2B007BAEB2 /* Build configuration list for PBXNativeTarget "FinalYearProject" */ = {
			isa = XCConfigurationList;
			buildConfigurations = (
				BD66392A2D2EDA2B007BAEB2 /* Debug */,
				BD66392B2D2EDA2B007BAEB2 /* Release */,
			);
			defaultConfigurationIsVisible = 0;
			defaultConfigurationName = Release;
		};
		BD66392C2D2EDA2B007BAEB2 /* Build configuration list for PBXNativeTarget "FinalYearProjectTests" */ = {
			isa = XCConfigurationList;
			buildConfigurations = (
				BD66392D2D2EDA2B007BAEB2 /* Debug */,
				BD66392E2D2EDA2B007BAEB2 /* Release */,
			);
			defaultConfigurationIsVisible = 0;
			defaultConfigurationName = Release;
		};
		BD66392F2D2EDA2B007BAEB2 /* Build configuration list for PBXNativeTarget "FinalYearProjectUITests" */ = {
			isa = XCConfigurationList;
			buildConfigurations = (
				BD6639302D2EDA2B007BAEB2 /* Debug */,
				BD6639312D2EDA2B007BAEB2 /* Release */,
			);
			defaultConfigurationIsVisible = 0;
			defaultConfigurationName = Release;
		};
/* End XCConfigurationList section */

/* Begin XCRemoteSwiftPackageReference section */
		BD8621052D32D77200AFEC3B /* XCRemoteSwiftPackageReference "navigation-accessories" */ = {
			isa = XCRemoteSwiftPackageReference;
			repositoryURL = "https://github.com/njansari/navigation-accessories";
			requirement = {
				kind = upToNextMajorVersion;
				minimumVersion = 1.0.0;
			};
		};
/* End XCRemoteSwiftPackageReference section */

/* Begin XCSwiftPackageProductDependency section */
		BD8621062D32D77200AFEC3B /* NavigationAccessories */ = {
			isa = XCSwiftPackageProductDependency;
			package = BD8621052D32D77200AFEC3B /* XCRemoteSwiftPackageReference "navigation-accessories" */;
			productName = NavigationAccessories;
		};
/* End XCSwiftPackageProductDependency section */
	};
	rootObject = BD6638FD2D2EDA2A007BAEB2 /* Project object */;
}
